
Microsoft Visual Studio Solution File, Format Version 12.00
# Visual Studio Version 16
VisualStudioVersion = 16.0.30621.155
MinimumVisualStudioVersion = 10.0.40219.1
Project("{FAE04EC0-301F-11D3-BF4B-00C04F79EFBC}") = "PersonalHealthcareApplication.UWP", "PersonalHealthcareApplication\PersonalHealthcareApplication.UWP\PersonalHealthcareApplication.UWP.csproj", "{E5266D9F-B7F5-4275-A818-DF0700EEB48D}"
EndProject
Project("{FAE04EC0-301F-11D3-BF4B-00C04F79EFBC}") = "PersonalHealthcareApplication.Android", "PersonalHealthcareApplication\PersonalHealthcareApplication.Android\PersonalHealthcareApplication.Android.csproj", "{64163832-F365-469D-8AA5-B7AB914F5E44}"
EndProject
Project("{FAE04EC0-301F-11D3-BF4B-00C04F79EFBC}") = "PersonalHealthcareApplication.iOS", "PersonalHealthcareApplication\PersonalHealthcareApplication.iOS\PersonalHealthcareApplication.iOS.csproj", "{C64F3A83-7518-4A8D-A2BD-B6DF6161AA76}"
EndProject
Project("{FAE04EC0-301F-11D3-BF4B-00C04F79EFBC}") = "PersonalHealthcareApplication", "PersonalHealthcareApplication\PersonalHealthcareApplication\PersonalHealthcareApplication.csproj", "{C6E4EFB8-85CC-4236-BCD7-76A12A198B31}"
EndProject
Global
	GlobalSection(SolutionConfigurationPlatforms) = preSolution
		Debug|Any CPU = Debug|Any CPU
		Debug|ARM = Debug|ARM
		Debug|iPhone = Debug|iPhone
		Debug|iPhoneSimulator = Debug|iPhoneSimulator
		Debug|x64 = Debug|x64
		Debug|x86 = Debug|x86
		Release|Any CPU = Release|Any CPU
		Release|ARM = Release|ARM
		Release|iPhone = Release|iPhone
		Release|iPhoneSimulator = Release|iPhoneSimulator
		Release|x64 = Release|x64
		Release|x86 = Release|x86
	EndGlobalSection
	GlobalSection(ProjectConfigurationPlatforms) = postSolution
		{E5266D9F-B7F5-4275-A818-DF0700EEB48D}.Debug|Any CPU.ActiveCfg = Debug|x86
		{E5266D9F-B7F5-4275-A818-DF0700EEB48D}.Debug|Any CPU.Build.0 = Debug|x86
		{E5266D9F-B7F5-4275-A818-DF0700EEB48D}.Debug|Any CPU.Deploy.0 = Debug|x86
		{E5266D9F-B7F5-4275-A818-DF0700EEB48D}.Debug|ARM.ActiveCfg = Debug|ARM
		{E5266D9F-B7F5-4275-A818-DF0700EEB48D}.Debug|ARM.Build.0 = Debug|ARM
		{E5266D9F-B7F5-4275-A818-DF0700EEB48D}.Debug|ARM.Deploy.0 = Debug|ARM
		{E5266D9F-B7F5-4275-A818-DF0700EEB48D}.Debug|iPhone.ActiveCfg = Debug|x86
		{E5266D9F-B7F5-4275-A818-DF0700EEB48D}.Debug|iPhone.Build.0 = Debug|x86
		{E5266D9F-B7F5-4275-A818-DF0700EEB48D}.Debug|iPhone.Deploy.0 = Debug|x86
		{E5266D9F-B7F5-4275-A818-DF0700EEB48D}.Debug|iPhoneSimulator.ActiveCfg = Debug|x86
		{E5266D9F-B7F5-4275-A818-DF0700EEB48D}.Debug|iPhoneSimulator.Build.0 = Debug|x86
		{E5266D9F-B7F5-4275-A818-DF0700EEB48D}.Debug|iPhoneSimulator.Deploy.0 = Debug|x86
		{E5266D9F-B7F5-4275-A818-DF0700EEB48D}.Debug|x64.ActiveCfg = Debug|x64
		{E5266D9F-B7F5-4275-A818-DF0700EEB48D}.Debug|x64.Build.0 = Debug|x64
		{E5266D9F-B7F5-4275-A818-DF0700EEB48D}.Debug|x64.Deploy.0 = Debug|x64
		{E5266D9F-B7F5-4275-A818-DF0700EEB48D}.Debug|x86.ActiveCfg = Debug|x86
		{E5266D9F-B7F5-4275-A818-DF0700EEB48D}.Debug|x86.Build.0 = Debug|x86
		{E5266D9F-B7F5-4275-A818-DF0700EEB48D}.Debug|x86.Deploy.0 = Debug|x86
		{E5266D9F-B7F5-4275-A818-DF0700EEB48D}.Release|Any CPU.ActiveCfg = Release|x86
		{E5266D9F-B7F5-4275-A818-DF0700EEB48D}.Release|Any CPU.Build.0 = Release|x86
		{E5266D9F-B7F5-4275-A818-DF0700EEB48D}.Release|Any CPU.Deploy.0 = Release|x86
		{E5266D9F-B7F5-4275-A818-DF0700EEB48D}.Release|ARM.ActiveCfg = Release|ARM
		{E5266D9F-B7F5-4275-A818-DF0700EEB48D}.Release|ARM.Build.0 = Release|ARM
		{E5266D9F-B7F5-4275-A818-DF0700EEB48D}.Release|ARM.Deploy.0 = Release|ARM
		{E5266D9F-B7F5-4275-A818-DF0700EEB48D}.Release|iPhone.ActiveCfg = Release|x86
		{E5266D9F-B7F5-4275-A818-DF0700EEB48D}.Release|iPhone.Build.0 = Release|x86
		{E5266D9F-B7F5-4275-A818-DF0700EEB48D}.Release|iPhone.Deploy.0 = Release|x86
		{E5266D9F-B7F5-4275-A818-DF0700EEB48D}.Release|iPhoneSimulator.ActiveCfg = Release|x86
		{E5266D9F-B7F5-4275-A818-DF0700EEB48D}.Release|iPhoneSimulator.Build.0 = Release|x86
		{E5266D9F-B7F5-4275-A818-DF0700EEB48D}.Release|iPhoneSimulator.Deploy.0 = Release|x86
		{E5266D9F-B7F5-4275-A818-DF0700EEB48D}.Release|x64.ActiveCfg = Release|x64
		{E5266D9F-B7F5-4275-A818-DF0700EEB48D}.Release|x64.Build.0 = Release|x64
		{E5266D9F-B7F5-4275-A818-DF0700EEB48D}.Release|x64.Deploy.0 = Release|x64
		{E5266D9F-B7F5-4275-A818-DF0700EEB48D}.Release|x86.ActiveCfg = Release|x86
		{E5266D9F-B7F5-4275-A818-DF0700EEB48D}.Release|x86.Build.0 = Release|x86
		{E5266D9F-B7F5-4275-A818-DF0700EEB48D}.Release|x86.Deploy.0 = Release|x86
		{64163832-F365-469D-8AA5-B7AB914F5E44}.Debug|Any CPU.ActiveCfg = Debug|Any CPU
		{64163832-F365-469D-8AA5-B7AB914F5E44}.Debug|Any CPU.Build.0 = Debug|Any CPU
		{64163832-F365-469D-8AA5-B7AB914F5E44}.Debug|Any CPU.Deploy.0 = Debug|Any CPU
		{64163832-F365-469D-8AA5-B7AB914F5E44}.Debug|ARM.ActiveCfg = Debug|Any CPU
		{64163832-F365-469D-8AA5-B7AB914F5E44}.Debug|ARM.Build.0 = Debug|Any CPU
		{64163832-F365-469D-8AA5-B7AB914F5E44}.Debug|ARM.Deploy.0 = Debug|Any CPU
		{64163832-F365-469D-8AA5-B7AB914F5E44}.Debug|iPhone.ActiveCfg = Debug|Any CPU
		{64163832-F365-469D-8AA5-B7AB914F5E44}.Debug|iPhone.Build.0 = Debug|Any CPU
		{64163832-F365-469D-8AA5-B7AB914F5E44}.Debug|iPhone.Deploy.0 = Debug|Any CPU
		{64163832-F365-469D-8AA5-B7AB914F5E44}.Debug|iPhoneSimulator.ActiveCfg = Debug|Any CPU
		{64163832-F365-469D-8AA5-B7AB914F5E44}.Debug|iPhoneSimulator.Build.0 = Debug|Any CPU
		{64163832-F365-469D-8AA5-B7AB914F5E44}.Debug|iPhoneSimulator.Deploy.0 = Debug|Any CPU
		{64163832-F365-469D-8AA5-B7AB914F5E44}.Debug|x64.ActiveCfg = Debug|Any CPU
		{64163832-F365-469D-8AA5-B7AB914F5E44}.Debug|x64.Build.0 = Debug|Any CPU
		{64163832-F365-469D-8AA5-B7AB914F5E44}.Debug|x64.Deploy.0 = Debug|Any CPU
		{64163832-F365-469D-8AA5-B7AB914F5E44}.Debug|x86.ActiveCfg = Debug|Any CPU
		{64163832-F365-469D-8AA5-B7AB914F5E44}.Debug|x86.Build.0 = Debug|Any CPU
		{64163832-F365-469D-8AA5-B7AB914F5E44}.Debug|x86.Deploy.0 = Debug|Any CPU
		{64163832-F365-469D-8AA5-B7AB914F5E44}.Release|Any CPU.ActiveCfg = Release|Any CPU
		{64163832-F365-469D-8AA5-B7AB914F5E44}.Release|Any CPU.Build.0 = Release|Any CPU
		{64163832-F365-469D-8AA5-B7AB914F5E44}.Release|Any CPU.Deploy.0 = Release|Any CPU
		{64163832-F365-469D-8AA5-B7AB914F5E44}.Release|ARM.ActiveCfg = Release|Any CPU
		{64163832-F365-469D-8AA5-B7AB914F5E44}.Release|ARM.Build.0 = Release|Any CPU
		{64163832-F365-469D-8AA5-B7AB914F5E44}.Release|ARM.Deploy.0 = Release|Any CPU
		{64163832-F365-469D-8AA5-B7AB914F5E44}.Release|iPhone.ActiveCfg = Release|Any CPU
		{64163832-F365-469D-8AA5-B7AB914F5E44}.Release|iPhone.Build.0 = Release|Any CPU
		{64163832-F365-469D-8AA5-B7AB914F5E44}.Release|iPhone.Deploy.0 = Release|Any CPU
		{64163832-F365-469D-8AA5-B7AB914F5E44}.Release|iPhoneSimulator.ActiveCfg = Release|Any CPU
		{64163832-F365-469D-8AA5-B7AB914F5E44}.Release|iPhoneSimulator.Build.0 = Release|Any CPU
		{64163832-F365-469D-8AA5-B7AB914F5E44}.Release|iPhoneSimulator.Deploy.0 = Release|Any CPU
		{64163832-F365-469D-8AA5-B7AB914F5E44}.Release|x64.ActiveCfg = Release|Any CPU
		{64163832-F365-469D-8AA5-B7AB914F5E44}.Release|x64.Build.0 = Release|Any CPU
		{64163832-F365-469D-8AA5-B7AB914F5E44}.Release|x64.Deploy.0 = Release|Any CPU
		{64163832-F365-469D-8AA5-B7AB914F5E44}.Release|x86.ActiveCfg = Release|Any CPU
		{64163832-F365-469D-8AA5-B7AB914F5E44}.Release|x86.Build.0 = Release|Any CPU
		{64163832-F365-469D-8AA5-B7AB914F5E44}.Release|x86.Deploy.0 = Release|Any CPU
		{C64F3A83-7518-4A8D-A2BD-B6DF6161AA76}.Debug|Any CPU.ActiveCfg = Debug|iPhoneSimulator
		{C64F3A83-7518-4A8D-A2BD-B6DF6161AA76}.Debug|Any CPU.Build.0 = Debug|iPhoneSimulator
		{C64F3A83-7518-4A8D-A2BD-B6DF6161AA76}.Debug|Any CPU.Deploy.0 = Debug|iPhoneSimulator
		{C64F3A83-7518-4A8D-A2BD-B6DF6161AA76}.Debug|ARM.ActiveCfg = Debug|iPhone
		{C64F3A83-7518-4A8D-A2BD-B6DF6161AA76}.Debug|ARM.Build.0 = Debug|iPhone
		{C64F3A83-7518-4A8D-A2BD-B6DF6161AA76}.Debug|ARM.Deploy.0 = Debug|iPhone
		{C64F3A83-7518-4A8D-A2BD-B6DF6161AA76}.Debug|iPhone.ActiveCfg = Debug|iPhone
		{C64F3A83-7518-4A8D-A2BD-B6DF6161AA76}.Debug|iPhone.Build.0 = Debug|iPhone
		{C64F3A83-7518-4A8D-A2BD-B6DF6161AA76}.Debug|iPhone.Deploy.0 = Debug|iPhone
		{C64F3A83-7518-4A8D-A2BD-B6DF6161AA76}.Debug|iPhoneSimulator.ActiveCfg = Debug|iPhoneSimulator
		{C64F3A83-7518-4A8D-A2BD-B6DF6161AA76}.Debug|iPhoneSimulator.Build.0 = Debug|iPhoneSimulator
		{C64F3A83-7518-4A8D-A2BD-B6DF6161AA76}.Debug|iPhoneSimulator.Deploy.0 = Debug|iPhoneSimulator
		{C64F3A83-7518-4A8D-A2BD-B6DF6161AA76}.Debug|x64.ActiveCfg = Debug|iPhoneSimulator
		{C64F3A83-7518-4A8D-A2BD-B6DF6161AA76}.Debug|x64.Build.0 = Debug|iPhoneSimulator
		{C64F3A83-7518-4A8D-A2BD-B6DF6161AA76}.Debug|x64.Deploy.0 = Debug|iPhoneSimulator
		{C64F3A83-7518-4A8D-A2BD-B6DF6161AA76}.Debug|x86.ActiveCfg = Debug|iPhoneSimulator
		{C64F3A83-7518-4A8D-A2BD-B6DF6161AA76}.Debug|x86.Build.0 = Debug|iPhoneSimulator
		{C64F3A83-7518-4A8D-A2BD-B6DF6161AA76}.Debug|x86.Deploy.0 = Debug|iPhoneSimulator
		{C64F3A83-7518-4A8D-A2BD-B6DF6161AA76}.Release|Any CPU.ActiveCfg = Release|iPhoneSimulator
		{C64F3A83-7518-4A8D-A2BD-B6DF6161AA76}.Release|Any CPU.Build.0 = Release|iPhoneSimulator
		{C64F3A83-7518-4A8D-A2BD-B6DF6161AA76}.Release|Any CPU.Deploy.0 = Release|iPhoneSimulator
		{C64F3A83-7518-4A8D-A2BD-B6DF6161AA76}.Release|ARM.ActiveCfg = Release|iPhoneSimulator
		{C64F3A83-7518-4A8D-A2BD-B6DF6161AA76}.Release|ARM.Build.0 = Release|iPhoneSimulator
		{C64F3A83-7518-4A8D-A2BD-B6DF6161AA76}.Release|ARM.Deploy.0 = Release|iPhoneSimulator
		{C64F3A83-7518-4A8D-A2BD-B6DF6161AA76}.Release|iPhone.ActiveCfg = Release|iPhone
		{C64F3A83-7518-4A8D-A2BD-B6DF6161AA76}.Release|iPhone.Build.0 = Release|iPhone
		{C64F3A83-7518-4A8D-A2BD-B6DF6161AA76}.Release|iPhone.Deploy.0 = Release|iPhone
		{C64F3A83-7518-4A8D-A2BD-B6DF6161AA76}.Release|iPhoneSimulator.ActiveCfg = Release|iPhoneSimulator
		{C64F3A83-7518-4A8D-A2BD-B6DF6161AA76}.Release|iPhoneSimulator.Build.0 = Release|iPhoneSimulator
		{C64F3A83-7518-4A8D-A2BD-B6DF6161AA76}.Release|iPhoneSimulator.Deploy.0 = Release|iPhoneSimulator
		{C64F3A83-7518-4A8D-A2BD-B6DF6161AA76}.Release|x64.ActiveCfg = Release|iPhoneSimulator
		{C64F3A83-7518-4A8D-A2BD-B6DF6161AA76}.Release|x64.Build.0 = Release|iPhoneSimulator
		{C64F3A83-7518-4A8D-A2BD-B6DF6161AA76}.Release|x64.Deploy.0 = Release|iPhoneSimulator
		{C64F3A83-7518-4A8D-A2BD-B6DF6161AA76}.Release|x86.ActiveCfg = Release|iPhoneSimulator
		{C64F3A83-7518-4A8D-A2BD-B6DF6161AA76}.Release|x86.Build.0 = Release|iPhoneSimulator
		{C64F3A83-7518-4A8D-A2BD-B6DF6161AA76}.Release|x86.Deploy.0 = Release|iPhoneSimulator
		{C6E4EFB8-85CC-4236-BCD7-76A12A198B31}.Debug|Any CPU.ActiveCfg = Debug|Any CPU
		{C6E4EFB8-85CC-4236-BCD7-76A12A198B31}.Debug|Any CPU.Build.0 = Debug|Any CPU
		{C6E4EFB8-85CC-4236-BCD7-76A12A198B31}.Debug|Any CPU.Deploy.0 = Debug|Any CPU
		{C6E4EFB8-85CC-4236-BCD7-76A12A198B31}.Debug|ARM.ActiveCfg = Debug|Any CPU
		{C6E4EFB8-85CC-4236-BCD7-76A12A198B31}.Debug|ARM.Build.0 = Debug|Any CPU
		{C6E4EFB8-85CC-4236-BCD7-76A12A198B31}.Debug|ARM.Deploy.0 = Debug|Any CPU
		{C6E4EFB8-85CC-4236-BCD7-76A12A198B31}.Debug|iPhone.ActiveCfg = Debug|Any CPU
		{C6E4EFB8-85CC-4236-BCD7-76A12A198B31}.Debug|iPhone.Build.0 = Debug|Any CPU
		{C6E4EFB8-85CC-4236-BCD7-76A12A198B31}.Debug|iPhone.Deploy.0 = Debug|Any CPU
		{C6E4EFB8-85CC-4236-BCD7-76A12A198B31}.Debug|iPhoneSimulator.ActiveCfg = Debug|Any CPU
		{C6E4EFB8-85CC-4236-BCD7-76A12A198B31}.Debug|iPhoneSimulator.Build.0 = Debug|Any CPU
		{C6E4EFB8-85CC-4236-BCD7-76A12A198B31}.Debug|iPhoneSimulator.Deploy.0 = Debug|Any CPU
		{C6E4EFB8-85CC-4236-BCD7-76A12A198B31}.Debug|x64.ActiveCfg = Debug|Any CPU
		{C6E4EFB8-85CC-4236-BCD7-76A12A198B31}.Debug|x64.Build.0 = Debug|Any CPU
		{C6E4EFB8-85CC-4236-BCD7-76A12A198B31}.Debug|x64.Deploy.0 = Debug|Any CPU
		{C6E4EFB8-85CC-4236-BCD7-76A12A198B31}.Debug|x86.ActiveCfg = Debug|Any CPU
		{C6E4EFB8-85CC-4236-BCD7-76A12A198B31}.Debug|x86.Build.0 = Debug|Any CPU
		{C6E4EFB8-85CC-4236-BCD7-76A12A198B31}.Debug|x86.Deploy.0 = Debug|Any CPU
		{C6E4EFB8-85CC-4236-BCD7-76A12A198B31}.Release|Any CPU.ActiveCfg = Release|Any CPU
		{C6E4EFB8-85CC-4236-BCD7-76A12A198B31}.Release|Any CPU.Build.0 = Release|Any CPU
		{C6E4EFB8-85CC-4236-BCD7-76A12A198B31}.Release|Any CPU.Deploy.0 = Release|Any CPU
		{C6E4EFB8-85CC-4236-BCD7-76A12A198B31}.Release|ARM.ActiveCfg = Release|Any CPU
		{C6E4EFB8-85CC-4236-BCD7-76A12A198B31}.Release|ARM.Build.0 = Release|Any CPU
		{C6E4EFB8-85CC-4236-BCD7-76A12A198B31}.Release|ARM.Deploy.0 = Release|Any CPU
		{C6E4EFB8-85CC-4236-BCD7-76A12A198B31}.Release|iPhone.ActiveCfg = Release|Any CPU
		{C6E4EFB8-85CC-4236-BCD7-76A12A198B31}.Release|iPhone.Build.0 = Release|Any CPU
		{C6E4EFB8-85CC-4236-BCD7-76A12A198B31}.Release|iPhone.Deploy.0 = Release|Any CPU
		{C6E4EFB8-85CC-4236-BCD7-76A12A198B31}.Release|iPhoneSimulator.ActiveCfg = Release|Any CPU
		{C6E4EFB8-85CC-4236-BCD7-76A12A198B31}.Release|iPhoneSimulator.Build.0 = Release|Any CPU
		{C6E4EFB8-85CC-4236-BCD7-76A12A198B31}.Release|iPhoneSimulator.Deploy.0 = Release|Any CPU
		{C6E4EFB8-85CC-4236-BCD7-76A12A198B31}.Release|x64.ActiveCfg = Release|Any CPU
		{C6E4EFB8-85CC-4236-BCD7-76A12A198B31}.Release|x64.Build.0 = Release|Any CPU
		{C6E4EFB8-85CC-4236-BCD7-76A12A198B31}.Release|x64.Deploy.0 = Release|Any CPU
		{C6E4EFB8-85CC-4236-BCD7-76A12A198B31}.Release|x86.ActiveCfg = Release|Any CPU
		{C6E4EFB8-85CC-4236-BCD7-76A12A198B31}.Release|x86.Build.0 = Release|Any CPU
		{C6E4EFB8-85CC-4236-BCD7-76A12A198B31}.Release|x86.Deploy.0 = Release|Any CPU
	EndGlobalSection
	GlobalSection(SolutionProperties) = preSolution
		HideSolutionNode = FALSE
	EndGlobalSection
	GlobalSection(ExtensibilityGlobals) = postSolution
		SolutionGuid = {A36FC651-BEB4-4C16-8E13-C781B4752E08}
	EndGlobalSection
EndGlobal
